
Microsoft Visual Studio Solution File, Format Version 12.00
# Visual Studio 15
VisualStudioVersion = 15.0.26124.0
MinimumVisualStudioVersion = 15.0.26124.0
Project("{2150E333-8FDC-42A3-9474-1A3956D46DE8}") = "src", "src", "{68A4C712-B2D5-4537-B6B1-58F3DE729FA0}"
EndProject
Project("{FAE04EC0-301F-11D3-BF4B-00C04F79EFBC}") = "IdentityServer", "src\IdentityServer\IdentityServer.csproj", "{33460334-EE0F-49A3-95C0-1C077E968DAB}"
EndProject
Global
	GlobalSection(SolutionConfigurationPlatforms) = preSolution
		Debug|Any CPU = Debug|Any CPU
		Debug|x64 = Debug|x64
		Debug|x86 = Debug|x86
		Release|Any CPU = Release|Any CPU
		Release|x64 = Release|x64
		Release|x86 = Release|x86
	EndGlobalSection
	GlobalSection(SolutionProperties) = preSolution
		HideSolutionNode = FALSE
	EndGlobalSection
	GlobalSection(ProjectConfigurationPlatforms) = postSolution
		{33460334-EE0F-49A3-95C0-1C077E968DAB}.Debug|Any CPU.ActiveCfg = Debug|Any CPU
		{33460334-EE0F-49A3-95C0-1C077E968DAB}.Debug|Any CPU.Build.0 = Debug|Any CPU
		{33460334-EE0F-49A3-95C0-1C077E968DAB}.Debug|x64.ActiveCfg = Debug|Any CPU
		{33460334-EE0F-49A3-95C0-1C077E968DAB}.Debug|x64.Build.0 = Debug|Any CPU
		{33460334-EE0F-49A3-95C0-1C077E968DAB}.Debug|x86.ActiveCfg = Debug|Any CPU
		{33460334-EE0F-49A3-95C0-1C077E968DAB}.Debug|x86.Build.0 = Debug|Any CPU
		{33460334-EE0F-49A3-95C0-1C077E968DAB}.Release|Any CPU.ActiveCfg = Release|Any CPU
		{33460334-EE0F-49A3-95C0-1C077E968DAB}.Release|Any CPU.Build.0 = Release|Any CPU
		{33460334-EE0F-49A3-95C0-1C077E968DAB}.Release|x64.ActiveCfg = Release|Any CPU
		{33460334-EE0F-49A3-95C0-1C077E968DAB}.Release|x64.Build.0 = Release|Any CPU
		{33460334-EE0F-49A3-95C0-1C077E968DAB}.Release|x86.ActiveCfg = Release|Any CPU
		{33460334-EE0F-49A3-95C0-1C077E968DAB}.Release|x86.Build.0 = Release|Any CPU
	EndGlobalSection
	GlobalSection(NestedProjects) = preSolution
		{33460334-EE0F-49A3-95C0-1C077E968DAB} = {68A4C712-B2D5-4537-B6B1-58F3DE729FA0}
	EndGlobalSection
EndGlobal
